
Microsoft Visual Studio Solution File, Format Version 12.00
# Visual Studio Version 17
VisualStudioVersion = 17.9.34728.123
MinimumVisualStudioVersion = 10.0.40219.1
Project("{FAE04EC0-301F-11D3-BF4B-00C04F79EFBC}") = "BlazorApp1", "BlazorApp1\BlazorApp1.csproj", "{B259FDC1-5B65-41C2-9718-081D3CDD4AB4}"
EndProject
Project("{FAE04EC0-301F-11D3-BF4B-00C04F79EFBC}") = "ITProjectTrackerClassLibrary", "ITProjectTrackerClassLibrary\ITProjectTrackerClassLibrary.csproj", "{66D4BBE8-7D7C-4E00-8DE4-380E31F8DE13}"
EndProject
Project("{FAE04EC0-301F-11D3-BF4B-00C04F79EFBC}") = "RazorClassLibrary", "RazorClassLibrary\RazorClassLibrary.csproj", "{D2FB2A41-C1FD-4120-8496-EA1881C6CCDC}"
EndProject
Project("{FAE04EC0-301F-11D3-BF4B-00C04F79EFBC}") = "ITProjectsBlazorApplication", "ITProjectsBlazorApplication\ITProjectsBlazorApplication\ITProjectsBlazorApplication.csproj", "{EB3EBE07-901A-46D8-BC21-87E8C18A1B93}"
EndProject
Project("{FAE04EC0-301F-11D3-BF4B-00C04F79EFBC}") = "ITProjectsBlazorApplication.Client", "ITProjectsBlazorApplication\ITProjectsBlazorApplication.Client\ITProjectsBlazorApplication.Client.csproj", "{06A77FEF-3907-46A0-B412-74CF5BB224C9}"
EndProject
Global
	GlobalSection(SolutionConfigurationPlatforms) = preSolution
		Debug|Any CPU = Debug|Any CPU
		Release|Any CPU = Release|Any CPU
	EndGlobalSection
	GlobalSection(ProjectConfigurationPlatforms) = postSolution
		{B259FDC1-5B65-41C2-9718-081D3CDD4AB4}.Debug|Any CPU.ActiveCfg = Debug|Any CPU
		{B259FDC1-5B65-41C2-9718-081D3CDD4AB4}.Debug|Any CPU.Build.0 = Debug|Any CPU
		{B259FDC1-5B65-41C2-9718-081D3CDD4AB4}.Release|Any CPU.ActiveCfg = Release|Any CPU
		{B259FDC1-5B65-41C2-9718-081D3CDD4AB4}.Release|Any CPU.Build.0 = Release|Any CPU
		{66D4BBE8-7D7C-4E00-8DE4-380E31F8DE13}.Debug|Any CPU.ActiveCfg = Debug|Any CPU
		{66D4BBE8-7D7C-4E00-8DE4-380E31F8DE13}.Debug|Any CPU.Build.0 = Debug|Any CPU
		{66D4BBE8-7D7C-4E00-8DE4-380E31F8DE13}.Release|Any CPU.ActiveCfg = Release|Any CPU
		{66D4BBE8-7D7C-4E00-8DE4-380E31F8DE13}.Release|Any CPU.Build.0 = Release|Any CPU
		{D2FB2A41-C1FD-4120-8496-EA1881C6CCDC}.Debug|Any CPU.ActiveCfg = Debug|Any CPU
		{D2FB2A41-C1FD-4120-8496-EA1881C6CCDC}.Debug|Any CPU.Build.0 = Debug|Any CPU
		{D2FB2A41-C1FD-4120-8496-EA1881C6CCDC}.Release|Any CPU.ActiveCfg = Release|Any CPU
		{D2FB2A41-C1FD-4120-8496-EA1881C6CCDC}.Release|Any CPU.Build.0 = Release|Any CPU
		{EB3EBE07-901A-46D8-BC21-87E8C18A1B93}.Debug|Any CPU.ActiveCfg = Debug|Any CPU
		{EB3EBE07-901A-46D8-BC21-87E8C18A1B93}.Debug|Any CPU.Build.0 = Debug|Any CPU
		{EB3EBE07-901A-46D8-BC21-87E8C18A1B93}.Release|Any CPU.ActiveCfg = Release|Any CPU
		{EB3EBE07-901A-46D8-BC21-87E8C18A1B93}.Release|Any CPU.Build.0 = Release|Any CPU
		{06A77FEF-3907-46A0-B412-74CF5BB224C9}.Debug|Any CPU.ActiveCfg = Debug|Any CPU
		{06A77FEF-3907-46A0-B412-74CF5BB224C9}.Debug|Any CPU.Build.0 = Debug|Any CPU
		{06A77FEF-3907-46A0-B412-74CF5BB224C9}.Release|Any CPU.ActiveCfg = Release|Any CPU
		{06A77FEF-3907-46A0-B412-74CF5BB224C9}.Release|Any CPU.Build.0 = Release|Any CPU
	EndGlobalSection
	GlobalSection(SolutionProperties) = preSolution
		HideSolutionNode = FALSE
	EndGlobalSection
	GlobalSection(ExtensibilityGlobals) = postSolution
		SolutionGuid = {E82D6681-7435-4B0B-9B36-61C4D5DAF723}
	EndGlobalSection
EndGlobal
